
Microsoft Visual Studio Solution File, Format Version 12.00
# Visual Studio 15
VisualStudioVersion = 15.0.27428.2005
MinimumVisualStudioVersion = 10.0.40219.1
Project("{F184B08F-C81C-45F6-A57F-5ABD9991F28F}") = "Game Launcher", "Game Launcher\Game Launcher.vbproj", "{DB28937C-F770-4760-8F0B-53239362D741}"
EndProject
Global
	GlobalSection(SolutionConfigurationPlatforms) = preSolution
		Alpha|Any CPU = Alpha|Any CPU
		Beta|Any CPU = Beta|Any CPU
		Debug|Any CPU = Debug|Any CPU
		Release|Any CPU = Release|Any CPU
	EndGlobalSection
	GlobalSection(ProjectConfigurationPlatforms) = postSolution
		{DB28937C-F770-4760-8F0B-53239362D741}.Alpha|Any CPU.ActiveCfg = Alpha|Any CPU
		{DB28937C-F770-4760-8F0B-53239362D741}.Alpha|Any CPU.Build.0 = Alpha|Any CPU
		{DB28937C-F770-4760-8F0B-53239362D741}.Beta|Any CPU.ActiveCfg = Beta|Any CPU
		{DB28937C-F770-4760-8F0B-53239362D741}.Beta|Any CPU.Build.0 = Beta|Any CPU
		{DB28937C-F770-4760-8F0B-53239362D741}.Debug|Any CPU.ActiveCfg = Debug|Any CPU
		{DB28937C-F770-4760-8F0B-53239362D741}.Debug|Any CPU.Build.0 = Debug|Any CPU
		{DB28937C-F770-4760-8F0B-53239362D741}.Release|Any CPU.ActiveCfg = Release|Any CPU
		{DB28937C-F770-4760-8F0B-53239362D741}.Release|Any CPU.Build.0 = Release|Any CPU
	EndGlobalSection
	GlobalSection(SolutionProperties) = preSolution
		HideSolutionNode = FALSE
	EndGlobalSection
	GlobalSection(ExtensibilityGlobals) = postSolution
		SolutionGuid = {517FED44-3C80-439F-83B5-C1E2B149A9B8}
	EndGlobalSection
EndGlobal
